
Microsoft Visual Studio Solution File, Format Version 12.00
# Visual Studio Version 16
VisualStudioVersion = 16.0.30804.86
MinimumVisualStudioVersion = 10.0.40219.1
Project("{FAE04EC0-301F-11D3-BF4B-00C04F79EFBC}") = "SilverFox", "SilverFox\SilverFox.csproj", "{DE8FDF17-B939-4EB9-A619-913AE5FB94BB}"
EndProject
Project("{FAE04EC0-301F-11D3-BF4B-00C04F79EFBC}") = "SilverFoxAuth", "SilverFoxAuth\SilverFoxAuth.csproj", "{5B932C96-0D2D-4D80-B2AE-90224F571C20}"
EndProject
Global
	GlobalSection(SolutionConfigurationPlatforms) = preSolution
		Debug|Any CPU = Debug|Any CPU
		Release|Any CPU = Release|Any CPU
	EndGlobalSection
	GlobalSection(ProjectConfigurationPlatforms) = postSolution
		{DE8FDF17-B939-4EB9-A619-913AE5FB94BB}.Debug|Any CPU.ActiveCfg = Debug|Any CPU
		{DE8FDF17-B939-4EB9-A619-913AE5FB94BB}.Debug|Any CPU.Build.0 = Debug|Any CPU
		{DE8FDF17-B939-4EB9-A619-913AE5FB94BB}.Release|Any CPU.ActiveCfg = Release|Any CPU
		{DE8FDF17-B939-4EB9-A619-913AE5FB94BB}.Release|Any CPU.Build.0 = Release|Any CPU
		{5B932C96-0D2D-4D80-B2AE-90224F571C20}.Debug|Any CPU.ActiveCfg = Debug|Any CPU
		{5B932C96-0D2D-4D80-B2AE-90224F571C20}.Debug|Any CPU.Build.0 = Debug|Any CPU
		{5B932C96-0D2D-4D80-B2AE-90224F571C20}.Release|Any CPU.ActiveCfg = Release|Any CPU
		{5B932C96-0D2D-4D80-B2AE-90224F571C20}.Release|Any CPU.Build.0 = Release|Any CPU
	EndGlobalSection
	GlobalSection(SolutionProperties) = preSolution
		HideSolutionNode = FALSE
	EndGlobalSection
	GlobalSection(ExtensibilityGlobals) = postSolution
		SolutionGuid = {B1DD9DFB-C4F6-4446-928B-3B51B7496DDD}
	EndGlobalSection
EndGlobal
